{
  "name": "data-command",
  "version": "1.6.0",
  "lockfileVersion": 2,
  "requires": true,
  "packages": {
    "": {
      "version": "1.6.0",
      "license": "ISC",
      "dependencies": {
        "minimist": "^1.2.0",
        "sizzle": "^2.3.3"
      }
    },
    "node_modules/minimist": {
      "version": "1.2.6",
      "resolved": "https://registry.npmjs.org/minimist/-/minimist-1.2.6.tgz",
      "integrity": "sha512-Jsjnk4bw3YJqYzbdyBiNsPWHPfO++UGG749Cxs6peCu5Xg4nrena6OVxOYxrQTqww0Jmwt+Ref8rggumkTLz9Q=="
    },
    "node_modules/sizzle": {
      "version": "2.3.6",
      "resolved": "https://registry.npmjs.org/sizzle/-/sizzle-2.3.6.tgz",
      "integrity": "sha512-abtd95IkbcMAaYk1Lux4k9Xz6wnQqyLy2aco9HGJ8jVaCDEcc+ug0hW8RdV6aIre3ycWXxPdcX0u7QL/1UaSoA=="
    }
  },
  "dependencies": {
    "minimist": {
      "version": "1.2.6",
      "resolved": "https://registry.npmjs.org/minimist/-/minimist-1.2.6.tgz",
      "integrity": "sha512-Jsjnk4bw3YJqYzbdyBiNsPWHPfO++UGG749Cxs6peCu5Xg4nrena6OVxOYxrQTqww0Jmwt+Ref8rggumkTLz9Q=="
    },
    "sizzle": {
      "version": "2.3.6",
      "resolved": "https://registry.npmjs.org/sizzle/-/sizzle-2.3.6.tgz",
      "integrity": "sha512-abtd95IkbcMAaYk1Lux4k9Xz6wnQqyLy2aco9HGJ8jVaCDEcc+ug0hW8RdV6aIre3ycWXxPdcX0u7QL/1UaSoA=="
    }
  }
}
