{
  "name": "data-command",
  "version": "1.8.0",
  "lockfileVersion": 2,
  "requires": true,
  "packages": {
    "": {
      "version": "1.8.0",
      "license": "ISC",
      "dependencies": {
        "minimist": "^1.2.0",
        "sizzle": "^2.3.3"
      }
    },
    "node_modules/minimist": {
      "version": "1.2.8",
      "resolved": "https://registry.npmjs.org/minimist/-/minimist-1.2.8.tgz",
      "integrity": "sha512-2yyAR8qBkN3YuheJanUpWC5U3bb5osDywNB8RzDVlDwDHbocAJveqqj1u8+SVD7jkWT4yvsHCpWqqWqAxb0zCA==",
      "funding": {
        "url": "https://github.com/sponsors/ljharb"
      }
    },
    "node_modules/sizzle": {
      "version": "2.3.10",
      "resolved": "https://registry.npmjs.org/sizzle/-/sizzle-2.3.10.tgz",
      "integrity": "sha512-kPGev+SiByuzi/YPDTqCwdKLWCaN9+14ve86yH0gP6Efue04xjLYWJrcLC6y1buFyIVXkwHNXPsOTEd1MYVPbQ=="
    }
  },
  "dependencies": {
    "minimist": {
      "version": "1.2.8",
      "resolved": "https://registry.npmjs.org/minimist/-/minimist-1.2.8.tgz",
      "integrity": "sha512-2yyAR8qBkN3YuheJanUpWC5U3bb5osDywNB8RzDVlDwDHbocAJveqqj1u8+SVD7jkWT4yvsHCpWqqWqAxb0zCA=="
    },
    "sizzle": {
      "version": "2.3.10",
      "resolved": "https://registry.npmjs.org/sizzle/-/sizzle-2.3.10.tgz",
      "integrity": "sha512-kPGev+SiByuzi/YPDTqCwdKLWCaN9+14ve86yH0gP6Efue04xjLYWJrcLC6y1buFyIVXkwHNXPsOTEd1MYVPbQ=="
    }
  }
}
